
Microsoft Visual Studio Solution File, Format Version 12.00
# Visual Studio 2013
VisualStudioVersion = 12.0.40629.0
MinimumVisualStudioVersion = 10.0.40219.1
Project("{FAE04EC0-301F-11D3-BF4B-00C04F79EFBC}") = "C3PO.Data", "C3PO.Models\C3PO.Data.csproj", "{CBC70850-62D1-4EB8-B846-2D5FF7D8DC08}"
EndProject
Project("{FAE04EC0-301F-11D3-BF4B-00C04F79EFBC}") = "C3PO.Utilities", "C3PO.Utilities\C3PO.Utilities.csproj", "{FAF7C33F-A115-4481-9036-222401D92872}"
EndProject
Project("{FAE04EC0-301F-11D3-BF4B-00C04F79EFBC}") = "C3PO.Services", "C3PO.Services\C3PO.Services.csproj", "{780093AE-F8B2-4272-AADD-F2033B057268}"
EndProject
Project("{FAE04EC0-301F-11D3-BF4B-00C04F79EFBC}") = "C3PO.Web", "C3PO.Web\C3PO.Web.csproj", "{8B351FAE-926E-4776-AA35-9EDD5011E4B8}"
EndProject
Project("{FAE04EC0-301F-11D3-BF4B-00C04F79EFBC}") = "C3PO.Tests", "C3PO.Tests\C3PO.Tests.csproj", "{C6833625-DB80-4F69-8AC3-994D75237083}"
EndProject
Global
	GlobalSection(SolutionConfigurationPlatforms) = preSolution
		Debug|Any CPU = Debug|Any CPU
		Release|Any CPU = Release|Any CPU
	EndGlobalSection
	GlobalSection(ProjectConfigurationPlatforms) = postSolution
		{CBC70850-62D1-4EB8-B846-2D5FF7D8DC08}.Debug|Any CPU.ActiveCfg = Debug|Any CPU
		{CBC70850-62D1-4EB8-B846-2D5FF7D8DC08}.Debug|Any CPU.Build.0 = Debug|Any CPU
		{CBC70850-62D1-4EB8-B846-2D5FF7D8DC08}.Release|Any CPU.ActiveCfg = Release|Any CPU
		{CBC70850-62D1-4EB8-B846-2D5FF7D8DC08}.Release|Any CPU.Build.0 = Release|Any CPU
		{FAF7C33F-A115-4481-9036-222401D92872}.Debug|Any CPU.ActiveCfg = Debug|Any CPU
		{FAF7C33F-A115-4481-9036-222401D92872}.Debug|Any CPU.Build.0 = Debug|Any CPU
		{FAF7C33F-A115-4481-9036-222401D92872}.Release|Any CPU.ActiveCfg = Release|Any CPU
		{FAF7C33F-A115-4481-9036-222401D92872}.Release|Any CPU.Build.0 = Release|Any CPU
		{780093AE-F8B2-4272-AADD-F2033B057268}.Debug|Any CPU.ActiveCfg = Debug|Any CPU
		{780093AE-F8B2-4272-AADD-F2033B057268}.Debug|Any CPU.Build.0 = Debug|Any CPU
		{780093AE-F8B2-4272-AADD-F2033B057268}.Release|Any CPU.ActiveCfg = Release|Any CPU
		{780093AE-F8B2-4272-AADD-F2033B057268}.Release|Any CPU.Build.0 = Release|Any CPU
		{8B351FAE-926E-4776-AA35-9EDD5011E4B8}.Debug|Any CPU.ActiveCfg = Debug|Any CPU
		{8B351FAE-926E-4776-AA35-9EDD5011E4B8}.Debug|Any CPU.Build.0 = Debug|Any CPU
		{8B351FAE-926E-4776-AA35-9EDD5011E4B8}.Release|Any CPU.ActiveCfg = Release|Any CPU
		{8B351FAE-926E-4776-AA35-9EDD5011E4B8}.Release|Any CPU.Build.0 = Release|Any CPU
		{C6833625-DB80-4F69-8AC3-994D75237083}.Debug|Any CPU.ActiveCfg = Debug|Any CPU
		{C6833625-DB80-4F69-8AC3-994D75237083}.Debug|Any CPU.Build.0 = Debug|Any CPU
		{C6833625-DB80-4F69-8AC3-994D75237083}.Release|Any CPU.ActiveCfg = Release|Any CPU
		{C6833625-DB80-4F69-8AC3-994D75237083}.Release|Any CPU.Build.0 = Release|Any CPU
	EndGlobalSection
	GlobalSection(SolutionProperties) = preSolution
		HideSolutionNode = FALSE
	EndGlobalSection
EndGlobal
